// !$*UTF8*$!
{
	archiveVersion = 1;
	classes = {
	};
	objectVersion = 56;
	objects = {

/* Begin PBXBuildFile section */
		56ADD8FE2995D56B00D6D205 /* AppDelegate.swift in Sources */ = {isa = PBXBuildFile; fileRef = 56ADD8FD2995D56B00D6D205 /* AppDelegate.swift */; };
		56ADD9002995D56B00D6D205 /* SceneDelegate.swift in Sources */ = {isa = PBXBuildFile; fileRef = 56ADD8FF2995D56B00D6D205 /* SceneDelegate.swift */; };
		56ADD9022995D56B00D6D205 /* ViewController.swift in Sources */ = {isa = PBXBuildFile; fileRef = 56ADD9012995D56B00D6D205 /* ViewController.swift */; };
		56ADD9052995D56B00D6D205 /* Main.storyboard in Resources */ = {isa = PBXBuildFile; fileRef = 56ADD9032995D56B00D6D205 /* Main.storyboard */; };
		56ADD9072995D56B00D6D205 /* Assets.xcassets in Resources */ = {isa = PBXBuildFile; fileRef = 56ADD9062995D56B00D6D205 /* Assets.xcassets */; };
		56ADD90A2995D56B00D6D205 /* LaunchScreen.storyboard in Resources */ = {isa = PBXBuildFile; fileRef = 56ADD9082995D56B00D6D205 /* LaunchScreen.storyboard */; };
		56ADD91229972CB000D6D205 /* adventureLogic.swift in Sources */ = {isa = PBXBuildFile; fileRef = 56ADD91129972CB000D6D205 /* adventureLogic.swift */; };
		56ADD91429972D3E00D6D205 /* adventure.swift in Sources */ = {isa = PBXBuildFile; fileRef = 56ADD91329972D3E00D6D205 /* adventure.swift */; };
/* End PBXBuildFile section */

/* Begin PBXFileReference section */
		56ADD8FA2995D56B00D6D205 /* au-myAdventure.app */ = {isa = PBXFileReference; explicitFileType = wrapper.application; includeInIndex = 0; path = "au-myAdventure.app"; sourceTree = BUILT_PRODUCTS_DIR; };
		56ADD8FD2995D56B00D6D205 /* AppDelegate.swift */ = {isa = PBXFileReference; lastKnownFileType = sourcecode.swift; path = AppDelegate.swift; sourceTree = "<group>"; };
		56ADD8FF2995D56B00D6D205 /* SceneDelegate.swift */ = {isa = PBXFileReference; lastKnownFileType = sourcecode.swift; path = SceneDelegate.swift; sourceTree = "<group>"; };
		56ADD9012995D56B00D6D205 /* ViewController.swift */ = {isa = PBXFileReference; lastKnownFileType = sourcecode.swift; path = ViewController.swift; sourceTree = "<group>"; };
		56ADD9042995D56B00D6D205 /* Base */ = {isa = PBXFileReference; lastKnownFileType = file.storyboard; name = Base; path = Base.lproj/Main.storyboard; sourceTree = "<group>"; };
		56ADD9062995D56B00D6D205 /* Assets.xcassets */ = {isa = PBXFileReference; lastKnownFileType = folder.assetcatalog; path = Assets.xcassets; sourceTree = "<group>"; };
		56ADD9092995D56B00D6D205 /* Base */ = {isa = PBXFileReference; lastKnownFileType = file.storyboard; name = Base; path = Base.lproj/LaunchScreen.storyboard; sourceTree = "<group>"; };
		56ADD90B2995D56B00D6D205 /* Info.plist */ = {isa = PBXFileReference; lastKnownFileType = text.plist.xml; path = Info.plist; sourceTree = "<group>"; };
		56ADD91129972CB000D6D205 /* adventureLogic.swift */ = {isa = PBXFileReference; lastKnownFileType = sourcecode.swift; path = adventureLogic.swift; sourceTree = "<group>"; };
		56ADD91329972D3E00D6D205 /* adventure.swift */ = {isa = PBXFileReference; lastKnownFileType = sourcecode.swift; path = adventure.swift; sourceTree = "<group>"; };
/* End PBXFileReference section */

/* Begin PBXFrameworksBuildPhase section */
		56ADD8F72995D56B00D6D205 /* Frameworks */ = {
			isa = PBXFrameworksBuildPhase;
			buildActionMask = 2147483647;
			files = (
			);
			runOnlyForDeploymentPostprocessing = 0;
		};
/* End PBXFrameworksBuildPhase section */

/* Begin PBXGroup section */
		56ADD8F12995D56B00D6D205 = {
			isa = PBXGroup;
			children = (
				56ADD8FC2995D56B00D6D205 /* au-myAdventure */,
				56ADD8FB2995D56B00D6D205 /* Products */,
			);
			sourceTree = "<group>";
		};
		56ADD8FB2995D56B00D6D205 /* Products */ = {
			isa = PBXGroup;
			children = (
				56ADD8FA2995D56B00D6D205 /* au-myAdventure.app */,
			);
			name = Products;
			sourceTree = "<group>";
		};
		56ADD8FC2995D56B00D6D205 /* au-myAdventure */ = {
			isa = PBXGroup;
			children = (
				56ADD91129972CB000D6D205 /* adventureLogic.swift */,
				56ADD91329972D3E00D6D205 /* adventure.swift */,
				56ADD8FD2995D56B00D6D205 /* AppDelegate.swift */,
				56ADD8FF2995D56B00D6D205 /* SceneDelegate.swift */,
				56ADD9012995D56B00D6D205 /* ViewController.swift */,
				56ADD9032995D56B00D6D205 /* Main.storyboard */,
				56ADD9062995D56B00D6D205 /* Assets.xcassets */,
				56ADD9082995D56B00D6D205 /* LaunchScreen.storyboard */,
				56ADD90B2995D56B00D6D205 /* Info.plist */,
			);
			path = "au-myAdventure";
			sourceTree = "<group>";
		};
/* End PBXGroup section */

/* Begin PBXNativeTarget section */
		56ADD8F92995D56B00D6D205 /* au-myAdventure */ = {
			isa = PBXNativeTarget;
			buildConfigurationList = 56ADD90E2995D56B00D6D205 /* Build configuration list for PBXNativeTarget "au-myAdventure" */;
			buildPhases = (
				56ADD8F62995D56B00D6D205 /* Sources */,
				56ADD8F72995D56B00D6D205 /* Frameworks */,
				56ADD8F82995D56B00D6D205 /* Resources */,
			);
			buildRules = (
			);
			dependencies = (
			);
			name = "au-myAdventure";
			productName = "au-myAdventure";
			productReference = 56ADD8FA2995D56B00D6D205 /* au-myAdventure.app */;
			productType = "com.apple.product-type.application";
		};
/* End PBXNativeTarget section */

/* Begin PBXProject section */
		56ADD8F22995D56B00D6D205 /* Project object */ = {
			isa = PBXProject;
			attributes = {
				BuildIndependentTargetsInParallel = 1;
				LastSwiftUpdateCheck = 1420;
				LastUpgradeCheck = 1420;
				TargetAttributes = {
					56ADD8F92995D56B00D6D205 = {
						CreatedOnToolsVersion = 14.2;
					};
				};
			};
			buildConfigurationList = 56ADD8F52995D56B00D6D205 /* Build configuration list for PBXProject "au-myAdventure" */;
			compatibilityVersion = "Xcode 14.0";
			developmentRegion = en;
			hasScannedForEncodings = 0;
			knownRegions = (
				en,
				Base,
			);
			mainGroup = 56ADD8F12995D56B00D6D205;
			productRefGroup = 56ADD8FB2995D56B00D6D205 /* Products */;
			projectDirPath = "";
			projectRoot = "";
			targets = (
				56ADD8F92995D56B00D6D205 /* au-myAdventure */,
			);
		};
/* End PBXProject section */

/* Begin PBXResourcesBuildPhase section */
		56ADD8F82995D56B00D6D205 /* Resources */ = {
			isa = PBXResourcesBuildPhase;
			buildActionMask = 2147483647;
			files = (
				56ADD90A2995D56B00D6D205 /* LaunchScreen.storyboard in Resources */,
				56ADD9072995D56B00D6D205 /* Assets.xcassets in Resources */,
				56ADD9052995D56B00D6D205 /* Main.storyboard in Resources */,
			);
			runOnlyForDeploymentPostprocessing = 0;
		};
/* End PBXResourcesBuildPhase section */

/* Begin PBXSourcesBuildPhase section */
		56ADD8F62995D56B00D6D205 /* Sources */ = {
			isa = PBXSourcesBuildPhase;
			buildActionMask = 2147483647;
			files = (
				56ADD9022995D56B00D6D205 /* ViewController.swift in Sources */,
				56ADD91429972D3E00D6D205 /* adventure.swift in Sources */,
				56ADD8FE2995D56B00D6D205 /* AppDelegate.swift in Sources */,
				56ADD9002995D56B00D6D205 /* SceneDelegate.swift in Sources */,
				56ADD91229972CB000D6D205 /* adventureLogic.swift in Sources */,
			);
			runOnlyForDeploymentPostprocessing = 0;
		};
/* End PBXSourcesBuildPhase section */

/* Begin PBXVariantGroup section */
		56ADD9032995D56B00D6D205 /* Main.storyboard */ = {
			isa = PBXVariantGroup;
			children = (
				56ADD9042995D56B00D6D205 /* Base */,
			);
			name = Main.storyboard;
			sourceTree = "<group>";
		};
		56ADD9082995D56B00D6D205 /* LaunchScreen.storyboard */ = {
			isa = PBXVariantGroup;
			children = (
				56ADD9092995D56B00D6D205 /* Base */,
			);
			name = LaunchScreen.storyboard;
			sourceTree = "<group>";
		};
/* End PBXVariantGroup section */

/* Begin XCBuildConfiguration section */
		56ADD90C2995D56B00D6D205 /* Debug */ = {
			isa = XCBuildConfiguration;
			buildSettings = {
				ALWAYS_SEARCH_USER_PATHS = NO;
				CLANG_ANALYZER_NONNULL = YES;
				CLANG_ANALYZER_NUMBER_OBJECT_CONVERSION = YES_AGGRESSIVE;
				CLANG_CXX_LANGUAGE_STANDARD = "gnu++20";
				CLANG_ENABLE_MODULES = YES;
				CLANG_ENABLE_OBJC_ARC = YES;
				CLANG_ENABLE_OBJC_WEAK = YES;
				CLANG_WARN_BLOCK_CAPTURE_AUTORELEASING = YES;
				CLANG_WARN_BOOL_CONVERSION = YES;
				CLANG_WARN_COMMA = YES;
				CLANG_WARN_CONSTANT_CONVERSION = YES;
				CLANG_WARN_DEPRECATED_OBJC_IMPLEMENTATIONS = YES;
				CLANG_WARN_DIRECT_OBJC_ISA_USAGE = YES_ERROR;
				CLANG_WARN_DOCUMENTATION_COMMENTS = YES;
				CLANG_WARN_EMPTY_BODY = YES;
				CLANG_WARN_ENUM_CONVERSION = YES;
				CLANG_WARN_INFINITE_RECURSION = YES;
				CLANG_WARN_INT_CONVERSION = YES;
				CLANG_WARN_NON_LITERAL_NULL_CONVERSION = YES;
				CLANG_WARN_OBJC_IMPLICIT_RETAIN_SELF = YES;
				CLANG_WARN_OBJC_LITERAL_CONVERSION = YES;
				CLANG_WARN_OBJC_ROOT_CLASS = YES_ERROR;
				CLANG_WARN_QUOTED_INCLUDE_IN_FRAMEWORK_HEADER = YES;
				CLANG_WARN_RANGE_LOOP_ANALYSIS = YES;
				CLANG_WARN_STRICT_PROTOTYPES = YES;
				CLANG_WARN_SUSPICIOUS_MOVE = YES;
				CLANG_WARN_UNGUARDED_AVAILABILITY = YES_AGGRESSIVE;
				CLANG_WARN_UNREACHABLE_CODE = YES;
				CLANG_WARN__DUPLICATE_METHOD_MATCH = YES;
				COPY_PHASE_STRIP = NO;
				DEBUG_INFORMATION_FORMAT = dwarf;
				ENABLE_STRICT_OBJC_MSGSEND = YES;
				ENABLE_TESTABILITY = YES;
				GCC_C_LANGUAGE_STANDARD = gnu11;
				GCC_DYNAMIC_NO_PIC = NO;
				GCC_NO_COMMON_BLOCKS = YES;
				GCC_OPTIMIZATION_LEVEL = 0;
				GCC_PREPROCESSOR_DEFINITIONS = (
					"DEBUG=1",
					"$(inherited)",
				);
				GCC_WARN_64_TO_32_BIT_CONVERSION = YES;
				GCC_WARN_ABOUT_RETURN_TYPE = YES_ERROR;
				GCC_WARN_UNDECLARED_SELECTOR = YES;
				GCC_WARN_UNINITIALIZED_AUTOS = YES_AGGRESSIVE;
				GCC_WARN_UNUSED_FUNCTION = YES;
				GCC_WARN_UNUSED_VARIABLE = YES;
				IPHONEOS_DEPLOYMENT_TARGET = 16.2;
				MTL_ENABLE_DEBUG_INFO = INCLUDE_SOURCE;
				MTL_FAST_MATH = YES;
				ONLY_ACTIVE_ARCH = YES;
				SDKROOT = iphoneos;
				SWIFT_ACTIVE_COMPILATION_CONDITIONS = DEBUG;
				SWIFT_OPTIMIZATION_LEVEL = "-Onone";
			};
			name = Debug;
		};
		56ADD90D2995D56B00D6D205 /* Release */ = {
			isa = XCBuildConfiguration;
			buildSettings = {
				ALWAYS_SEARCH_USER_PATHS = NO;
				CLANG_ANALYZER_NONNULL = YES;
				CLANG_ANALYZER_NUMBER_OBJECT_CONVERSION = YES_AGGRESSIVE;
				CLANG_CXX_LANGUAGE_STANDARD = "gnu++20";
				CLANG_ENABLE_MODULES = YES;
				CLANG_ENABLE_OBJC_ARC = YES;
				CLANG_ENABLE_OBJC_WEAK = YES;
				CLANG_WARN_BLOCK_CAPTURE_AUTORELEASING = YES;
				CLANG_WARN_BOOL_CONVERSION = YES;
				CLANG_WARN_COMMA = YES;
				CLANG_WARN_CONSTANT_CONVERSION = YES;
				CLANG_WARN_DEPRECATED_OBJC_IMPLEMENTATIONS = YES;
				CLANG_WARN_DIRECT_OBJC_ISA_USAGE = YES_ERROR;
				CLANG_WARN_DOCUMENTATION_COMMENTS = YES;
				CLANG_WARN_EMPTY_BODY = YES;
				CLANG_WARN_ENUM_CONVERSION = YES;
				CLANG_WARN_INFINITE_RECURSION = YES;
				CLANG_WARN_INT_CONVERSION = YES;
				CLANG_WARN_NON_LITERAL_NULL_CONVERSION = YES;
				CLANG_WARN_OBJC_IMPLICIT_RETAIN_SELF = YES;
				CLANG_WARN_OBJC_LITERAL_CONVERSION = YES;
				CLANG_WARN_OBJC_ROOT_CLASS = YES_ERROR;
				CLANG_WARN_QUOTED_INCLUDE_IN_FRAMEWORK_HEADER = YES;
				CLANG_WARN_RANGE_LOOP_ANALYSIS = YES;
				CLANG_WARN_STRICT_PROTOTYPES = YES;
				CLANG_WARN_SUSPICIOUS_MOVE = YES;
				CLANG_WARN_UNGUARDED_AVAILABILITY = YES_AGGRESSIVE;
				CLANG_WARN_UNREACHABLE_CODE = YES;
				CLANG_WARN__DUPLICATE_METHOD_MATCH = YES;
				COPY_PHASE_STRIP = NO;
				DEBUG_INFORMATION_FORMAT = "dwarf-with-dsym";
				ENABLE_NS_ASSERTIONS = NO;
				ENABLE_STRICT_OBJC_MSGSEND = YES;
				GCC_C_LANGUAGE_STANDARD = gnu11;
				GCC_NO_COMMON_BLOCKS = YES;
				GCC_WARN_64_TO_32_BIT_CONVERSION = YES;
				GCC_WARN_ABOUT_RETURN_TYPE = YES_ERROR;
				GCC_WARN_UNDECLARED_SELECTOR = YES;
				GCC_WARN_UNINITIALIZED_AUTOS = YES_AGGRESSIVE;
				GCC_WARN_UNUSED_FUNCTION = YES;
				GCC_WARN_UNUSED_VARIABLE = YES;
				IPHONEOS_DEPLOYMENT_TARGET = 16.2;
				MTL_ENABLE_DEBUG_INFO = NO;
				MTL_FAST_MATH = YES;
				SDKROOT = iphoneos;
				SWIFT_COMPILATION_MODE = wholemodule;
				SWIFT_OPTIMIZATION_LEVEL = "-O";
				VALIDATE_PRODUCT = YES;
			};
			name = Release;
		};
		56ADD90F2995D56B00D6D205 /* Debug */ = {
			isa = XCBuildConfiguration;
			buildSettings = {
				ASSETCATALOG_COMPILER_APPICON_NAME = AppIcon;
				ASSETCATALOG_COMPILER_GLOBAL_ACCENT_COLOR_NAME = AccentColor;
				CODE_SIGN_STYLE = Automatic;
				CURRENT_PROJECT_VERSION = 1;
				DEVELOPMENT_TEAM = K9V82UVK2S;
				GENERATE_INFOPLIST_FILE = YES;
				INFOPLIST_FILE = "au-myAdventure/Info.plist";
				INFOPLIST_KEY_UIApplicationSupportsIndirectInputEvents = YES;
				INFOPLIST_KEY_UILaunchStoryboardName = LaunchScreen;
				INFOPLIST_KEY_UIMainStoryboardFile = Main;
				INFOPLIST_KEY_UISupportedInterfaceOrientations_iPad = "UIInterfaceOrientationPortrait UIInterfaceOrientationPortraitUpsideDown UIInterfaceOrientationLandscapeLeft UIInterfaceOrientationLandscapeRight";
				INFOPLIST_KEY_UISupportedInterfaceOrientations_iPhone = "UIInterfaceOrientationPortrait UIInterfaceOrientationLandscapeLeft UIInterfaceOrientationLandscapeRight";
				LD_RUNPATH_SEARCH_PATHS = (
					"$(inherited)",
					"@executable_path/Frameworks",
				);
				MARKETING_VERSION = 1.0;
				PRODUCT_BUNDLE_IDENTIFIER = "com.rymjo.au-myAdventure";
				PRODUCT_NAME = "$(TARGET_NAME)";
				SWIFT_EMIT_LOC_STRINGS = YES;
				SWIFT_VERSION = 5.0;
				TARGETED_DEVICE_FAMILY = "1,2";
			};
			name = Debug;
		};
		56ADD9102995D56B00D6D205 /* Release */ = {
			isa = XCBuildConfiguration;
			buildSettings = {
				ASSETCATALOG_COMPILER_APPICON_NAME = AppIcon;
				ASSETCATALOG_COMPILER_GLOBAL_ACCENT_COLOR_NAME = AccentColor;
				CODE_SIGN_STYLE = Automatic;
				CURRENT_PROJECT_VERSION = 1;
				DEVELOPMENT_TEAM = K9V82UVK2S;
				GENERATE_INFOPLIST_FILE = YES;
				INFOPLIST_FILE = "au-myAdventure/Info.plist";
				INFOPLIST_KEY_UIApplicationSupportsIndirectInputEvents = YES;
				INFOPLIST_KEY_UILaunchStoryboardName = LaunchScreen;
				INFOPLIST_KEY_UIMainStoryboardFile = Main;
				INFOPLIST_KEY_UISupportedInterfaceOrientations_iPad = "UIInterfaceOrientationPortrait UIInterfaceOrientationPortraitUpsideDown UIInterfaceOrientationLandscapeLeft UIInterfaceOrientationLandscapeRight";
				INFOPLIST_KEY_UISupportedInterfaceOrientations_iPhone = "UIInterfaceOrientationPortrait UIInterfaceOrientationLandscapeLeft UIInterfaceOrientationLandscapeRight";
				LD_RUNPATH_SEARCH_PATHS = (
					"$(inherited)",
					"@executable_path/Frameworks",
				);
				MARKETING_VERSION = 1.0;
				PRODUCT_BUNDLE_IDENTIFIER = "com.rymjo.au-myAdventure";
				PRODUCT_NAME = "$(TARGET_NAME)";
				SWIFT_EMIT_LOC_STRINGS = YES;
				SWIFT_VERSION = 5.0;
				TARGETED_DEVICE_FAMILY = "1,2";
			};
			name = Release;
		};
/* End XCBuildConfiguration section */

/* Begin XCConfigurationList section */
		56ADD8F52995D56B00D6D205 /* Build configuration list for PBXProject "au-myAdventure" */ = {
			isa = XCConfigurationList;
			buildConfigurations = (
				56ADD90C2995D56B00D6D205 /* Debug */,
				56ADD90D2995D56B00D6D205 /* Release */,
			);
			defaultConfigurationIsVisible = 0;
			defaultConfigurationName = Release;
		};
		56ADD90E2995D56B00D6D205 /* Build configuration list for PBXNativeTarget "au-myAdventure" */ = {
			isa = XCConfigurationList;
			buildConfigurations = (
				56ADD90F2995D56B00D6D205 /* Debug */,
				56ADD9102995D56B00D6D205 /* Release */,
			);
			defaultConfigurationIsVisible = 0;
			defaultConfigurationName = Release;
		};
/* End XCConfigurationList section */
	};
	rootObject = 56ADD8F22995D56B00D6D205 /* Project object */;
}
